
Microsoft Visual Studio Solution File, Format Version 12.00
# Visual Studio 15
VisualStudioVersion = 15.0.28307.106
MinimumVisualStudioVersion = 10.0.40219.1
Project("{FAE04EC0-301F-11D3-BF4B-00C04F79EFBC}") = "MobileProject2018.Android", "MobileProject2018\MobileProject2018.Android\MobileProject2018.Android.csproj", "{17626836-2095-4B7B-8DEB-DAA4B04EA59E}"
EndProject
Project("{FAE04EC0-301F-11D3-BF4B-00C04F79EFBC}") = "MobileProject2018.UWP", "MobileProject2018\MobileProject2018.UWP\MobileProject2018.UWP.csproj", "{7C0A24B5-1225-4660-AA42-B71C9F35C7AA}"
EndProject
Project("{FAE04EC0-301F-11D3-BF4B-00C04F79EFBC}") = "MobileProject2018", "MobileProject2018\MobileProject2018\MobileProject2018.csproj", "{C62958D7-7630-4415-A582-D361C949FFB2}"
EndProject
Global
	GlobalSection(SolutionConfigurationPlatforms) = preSolution
		Debug|Any CPU = Debug|Any CPU
		Debug|ARM = Debug|ARM
		Debug|x64 = Debug|x64
		Debug|x86 = Debug|x86
		Release|Any CPU = Release|Any CPU
		Release|ARM = Release|ARM
		Release|x64 = Release|x64
		Release|x86 = Release|x86
	EndGlobalSection
	GlobalSection(ProjectConfigurationPlatforms) = postSolution
		{17626836-2095-4B7B-8DEB-DAA4B04EA59E}.Debug|Any CPU.ActiveCfg = Debug|Any CPU
		{17626836-2095-4B7B-8DEB-DAA4B04EA59E}.Debug|Any CPU.Build.0 = Debug|Any CPU
		{17626836-2095-4B7B-8DEB-DAA4B04EA59E}.Debug|Any CPU.Deploy.0 = Debug|Any CPU
		{17626836-2095-4B7B-8DEB-DAA4B04EA59E}.Debug|ARM.ActiveCfg = Debug|Any CPU
		{17626836-2095-4B7B-8DEB-DAA4B04EA59E}.Debug|ARM.Build.0 = Debug|Any CPU
		{17626836-2095-4B7B-8DEB-DAA4B04EA59E}.Debug|ARM.Deploy.0 = Debug|Any CPU
		{17626836-2095-4B7B-8DEB-DAA4B04EA59E}.Debug|x64.ActiveCfg = Debug|Any CPU
		{17626836-2095-4B7B-8DEB-DAA4B04EA59E}.Debug|x64.Build.0 = Debug|Any CPU
		{17626836-2095-4B7B-8DEB-DAA4B04EA59E}.Debug|x64.Deploy.0 = Debug|Any CPU
		{17626836-2095-4B7B-8DEB-DAA4B04EA59E}.Debug|x86.ActiveCfg = Debug|Any CPU
		{17626836-2095-4B7B-8DEB-DAA4B04EA59E}.Debug|x86.Build.0 = Debug|Any CPU
		{17626836-2095-4B7B-8DEB-DAA4B04EA59E}.Debug|x86.Deploy.0 = Debug|Any CPU
		{17626836-2095-4B7B-8DEB-DAA4B04EA59E}.Release|Any CPU.ActiveCfg = Release|Any CPU
		{17626836-2095-4B7B-8DEB-DAA4B04EA59E}.Release|Any CPU.Build.0 = Release|Any CPU
		{17626836-2095-4B7B-8DEB-DAA4B04EA59E}.Release|Any CPU.Deploy.0 = Release|Any CPU
		{17626836-2095-4B7B-8DEB-DAA4B04EA59E}.Release|ARM.ActiveCfg = Release|Any CPU
		{17626836-2095-4B7B-8DEB-DAA4B04EA59E}.Release|ARM.Build.0 = Release|Any CPU
		{17626836-2095-4B7B-8DEB-DAA4B04EA59E}.Release|ARM.Deploy.0 = Release|Any CPU
		{17626836-2095-4B7B-8DEB-DAA4B04EA59E}.Release|x64.ActiveCfg = Release|Any CPU
		{17626836-2095-4B7B-8DEB-DAA4B04EA59E}.Release|x64.Build.0 = Release|Any CPU
		{17626836-2095-4B7B-8DEB-DAA4B04EA59E}.Release|x64.Deploy.0 = Release|Any CPU
		{17626836-2095-4B7B-8DEB-DAA4B04EA59E}.Release|x86.ActiveCfg = Release|Any CPU
		{17626836-2095-4B7B-8DEB-DAA4B04EA59E}.Release|x86.Build.0 = Release|Any CPU
		{17626836-2095-4B7B-8DEB-DAA4B04EA59E}.Release|x86.Deploy.0 = Release|Any CPU
		{7C0A24B5-1225-4660-AA42-B71C9F35C7AA}.Debug|Any CPU.ActiveCfg = Debug|x86
		{7C0A24B5-1225-4660-AA42-B71C9F35C7AA}.Debug|Any CPU.Build.0 = Debug|x86
		{7C0A24B5-1225-4660-AA42-B71C9F35C7AA}.Debug|Any CPU.Deploy.0 = Debug|x86
		{7C0A24B5-1225-4660-AA42-B71C9F35C7AA}.Debug|ARM.ActiveCfg = Debug|ARM
		{7C0A24B5-1225-4660-AA42-B71C9F35C7AA}.Debug|ARM.Build.0 = Debug|ARM
		{7C0A24B5-1225-4660-AA42-B71C9F35C7AA}.Debug|ARM.Deploy.0 = Debug|ARM
		{7C0A24B5-1225-4660-AA42-B71C9F35C7AA}.Debug|x64.ActiveCfg = Debug|x64
		{7C0A24B5-1225-4660-AA42-B71C9F35C7AA}.Debug|x64.Build.0 = Debug|x64
		{7C0A24B5-1225-4660-AA42-B71C9F35C7AA}.Debug|x64.Deploy.0 = Debug|x64
		{7C0A24B5-1225-4660-AA42-B71C9F35C7AA}.Debug|x86.ActiveCfg = Debug|x86
		{7C0A24B5-1225-4660-AA42-B71C9F35C7AA}.Debug|x86.Build.0 = Debug|x86
		{7C0A24B5-1225-4660-AA42-B71C9F35C7AA}.Debug|x86.Deploy.0 = Debug|x86
		{7C0A24B5-1225-4660-AA42-B71C9F35C7AA}.Release|Any CPU.ActiveCfg = Release|x86
		{7C0A24B5-1225-4660-AA42-B71C9F35C7AA}.Release|Any CPU.Build.0 = Release|x86
		{7C0A24B5-1225-4660-AA42-B71C9F35C7AA}.Release|Any CPU.Deploy.0 = Release|x86
		{7C0A24B5-1225-4660-AA42-B71C9F35C7AA}.Release|ARM.ActiveCfg = Release|ARM
		{7C0A24B5-1225-4660-AA42-B71C9F35C7AA}.Release|ARM.Build.0 = Release|ARM
		{7C0A24B5-1225-4660-AA42-B71C9F35C7AA}.Release|ARM.Deploy.0 = Release|ARM
		{7C0A24B5-1225-4660-AA42-B71C9F35C7AA}.Release|x64.ActiveCfg = Release|x64
		{7C0A24B5-1225-4660-AA42-B71C9F35C7AA}.Release|x64.Build.0 = Release|x64
		{7C0A24B5-1225-4660-AA42-B71C9F35C7AA}.Release|x64.Deploy.0 = Release|x64
		{7C0A24B5-1225-4660-AA42-B71C9F35C7AA}.Release|x86.ActiveCfg = Release|x86
		{7C0A24B5-1225-4660-AA42-B71C9F35C7AA}.Release|x86.Build.0 = Release|x86
		{7C0A24B5-1225-4660-AA42-B71C9F35C7AA}.Release|x86.Deploy.0 = Release|x86
		{C62958D7-7630-4415-A582-D361C949FFB2}.Debug|Any CPU.ActiveCfg = Debug|Any CPU
		{C62958D7-7630-4415-A582-D361C949FFB2}.Debug|Any CPU.Build.0 = Debug|Any CPU
		{C62958D7-7630-4415-A582-D361C949FFB2}.Debug|Any CPU.Deploy.0 = Debug|Any CPU
		{C62958D7-7630-4415-A582-D361C949FFB2}.Debug|ARM.ActiveCfg = Debug|Any CPU
		{C62958D7-7630-4415-A582-D361C949FFB2}.Debug|ARM.Build.0 = Debug|Any CPU
		{C62958D7-7630-4415-A582-D361C949FFB2}.Debug|ARM.Deploy.0 = Debug|Any CPU
		{C62958D7-7630-4415-A582-D361C949FFB2}.Debug|x64.ActiveCfg = Debug|Any CPU
		{C62958D7-7630-4415-A582-D361C949FFB2}.Debug|x64.Build.0 = Debug|Any CPU
		{C62958D7-7630-4415-A582-D361C949FFB2}.Debug|x64.Deploy.0 = Debug|Any CPU
		{C62958D7-7630-4415-A582-D361C949FFB2}.Debug|x86.ActiveCfg = Debug|Any CPU
		{C62958D7-7630-4415-A582-D361C949FFB2}.Debug|x86.Build.0 = Debug|Any CPU
		{C62958D7-7630-4415-A582-D361C949FFB2}.Debug|x86.Deploy.0 = Debug|Any CPU
		{C62958D7-7630-4415-A582-D361C949FFB2}.Release|Any CPU.ActiveCfg = Release|Any CPU
		{C62958D7-7630-4415-A582-D361C949FFB2}.Release|Any CPU.Build.0 = Release|Any CPU
		{C62958D7-7630-4415-A582-D361C949FFB2}.Release|Any CPU.Deploy.0 = Release|Any CPU
		{C62958D7-7630-4415-A582-D361C949FFB2}.Release|ARM.ActiveCfg = Release|Any CPU
		{C62958D7-7630-4415-A582-D361C949FFB2}.Release|ARM.Build.0 = Release|Any CPU
		{C62958D7-7630-4415-A582-D361C949FFB2}.Release|ARM.Deploy.0 = Release|Any CPU
		{C62958D7-7630-4415-A582-D361C949FFB2}.Release|x64.ActiveCfg = Release|Any CPU
		{C62958D7-7630-4415-A582-D361C949FFB2}.Release|x64.Build.0 = Release|Any CPU
		{C62958D7-7630-4415-A582-D361C949FFB2}.Release|x64.Deploy.0 = Release|Any CPU
		{C62958D7-7630-4415-A582-D361C949FFB2}.Release|x86.ActiveCfg = Release|Any CPU
		{C62958D7-7630-4415-A582-D361C949FFB2}.Release|x86.Build.0 = Release|Any CPU
		{C62958D7-7630-4415-A582-D361C949FFB2}.Release|x86.Deploy.0 = Release|Any CPU
	EndGlobalSection
	GlobalSection(SolutionProperties) = preSolution
		HideSolutionNode = FALSE
	EndGlobalSection
	GlobalSection(ExtensibilityGlobals) = postSolution
		SolutionGuid = {B8F2F539-550B-4936-B54A-617618FC6447}
	EndGlobalSection
EndGlobal
